
Microsoft Visual Studio Solution File, Format Version 10.00
# Visual Studio 2008
Project("{8BC9CEB8-8B4A-11D0-8D11-00A0C91BC942}") = "BlockMapEditor", "BlockMapEditor\BlockMapEditor.vcproj", "{EF31E557-D7A1-4365-8A7D-5BBCF9AD33AC}"
	ProjectSection(ProjectDependencies) = postProject
		{0A72BD48-F436-4171-A620-1CC0F616312E} = {0A72BD48-F436-4171-A620-1CC0F616312E}
		{48501463-702A-415F-9AD8-272423596748} = {48501463-702A-415F-9AD8-272423596748}
		{DE0003F4-BB31-4B4A-A80D-39C1D34DCBC2} = {DE0003F4-BB31-4B4A-A80D-39C1D34DCBC2}
		{2BB808F8-D50F-4EFC-939D-67D87EA4A263} = {2BB808F8-D50F-4EFC-939D-67D87EA4A263}
	EndProjectSection
EndProject
Project("{2150E333-8FDC-42A3-9474-1A3956D46DE8}") = "Platform", "Platform", "{F5F97DD5-D3CB-4A93-B850-E120504C099A}"
EndProject
Project("{8BC9CEB8-8B4A-11D0-8D11-00A0C91BC942}") = "SimbeyCore", "..\..\platform\SimbeyCore\SimbeyCore\SimbeyCore.vcproj", "{DE0003F4-BB31-4B4A-A80D-39C1D34DCBC2}"
EndProject
Project("{8BC9CEB8-8B4A-11D0-8D11-00A0C91BC942}") = "SIF", "..\..\platform\SIF\SIF\SIF.vcproj", "{0A72BD48-F436-4171-A620-1CC0F616312E}"
	ProjectSection(ProjectDependencies) = postProject
		{86A47905-2A09-4086-997D-6C4C2BA18DF1} = {86A47905-2A09-4086-997D-6C4C2BA18DF1}
	EndProjectSection
EndProject
Project("{8BC9CEB8-8B4A-11D0-8D11-00A0C91BC942}") = "SimbeyZip", "..\..\platform\SimbeyZip\SimbeyZip.vcproj", "{2BB808F8-D50F-4EFC-939D-67D87EA4A263}"
	ProjectSection(ProjectDependencies) = postProject
		{86A47905-2A09-4086-997D-6C4C2BA18DF1} = {86A47905-2A09-4086-997D-6C4C2BA18DF1}
	EndProjectSection
EndProject
Project("{2150E333-8FDC-42A3-9474-1A3956D46DE8}") = "Shared", "Shared", "{5EEF1F6B-0961-4B97-AB6D-2501347088F2}"
EndProject
Project("{8BC9CEB8-8B4A-11D0-8D11-00A0C91BC942}") = "zlib", "..\..\shared\zlib\zlib.vcproj", "{86A47905-2A09-4086-997D-6C4C2BA18DF1}"
EndProject
Project("{8BC9CEB8-8B4A-11D0-8D11-00A0C91BC942}") = "InterfaceJSON", "..\..\shared\JSON\InterfaceJSON\InterfaceJSON.vcproj", "{1F4396E7-7ADD-4B29-8AD9-FAA33C8D1393}"
EndProject
Project("{8BC9CEB8-8B4A-11D0-8D11-00A0C91BC942}") = "JSON", "..\..\platform\JSON\JSON\JSON.vcproj", "{48501463-702A-415F-9AD8-272423596748}"
	ProjectSection(ProjectDependencies) = postProject
		{1F4396E7-7ADD-4B29-8AD9-FAA33C8D1393} = {1F4396E7-7ADD-4B29-8AD9-FAA33C8D1393}
		{DE0003F4-BB31-4B4A-A80D-39C1D34DCBC2} = {DE0003F4-BB31-4B4A-A80D-39C1D34DCBC2}
	EndProjectSection
EndProject
Global
	GlobalSection(SolutionConfigurationPlatforms) = preSolution
		Debug|Win32 = Debug|Win32
		Debug|x64 = Debug|x64
		Release|Win32 = Release|Win32
		Release|x64 = Release|x64
	EndGlobalSection
	GlobalSection(ProjectConfigurationPlatforms) = postSolution
		{EF31E557-D7A1-4365-8A7D-5BBCF9AD33AC}.Debug|Win32.ActiveCfg = Debug|Win32
		{EF31E557-D7A1-4365-8A7D-5BBCF9AD33AC}.Debug|Win32.Build.0 = Debug|Win32
		{EF31E557-D7A1-4365-8A7D-5BBCF9AD33AC}.Debug|x64.ActiveCfg = Debug|Win32
		{EF31E557-D7A1-4365-8A7D-5BBCF9AD33AC}.Release|Win32.ActiveCfg = Release|Win32
		{EF31E557-D7A1-4365-8A7D-5BBCF9AD33AC}.Release|Win32.Build.0 = Release|Win32
		{EF31E557-D7A1-4365-8A7D-5BBCF9AD33AC}.Release|x64.ActiveCfg = Release|Win32
		{DE0003F4-BB31-4B4A-A80D-39C1D34DCBC2}.Debug|Win32.ActiveCfg = Debug|Win32
		{DE0003F4-BB31-4B4A-A80D-39C1D34DCBC2}.Debug|Win32.Build.0 = Debug|Win32
		{DE0003F4-BB31-4B4A-A80D-39C1D34DCBC2}.Debug|x64.ActiveCfg = Debug|x64
		{DE0003F4-BB31-4B4A-A80D-39C1D34DCBC2}.Debug|x64.Build.0 = Debug|x64
		{DE0003F4-BB31-4B4A-A80D-39C1D34DCBC2}.Release|Win32.ActiveCfg = Release|Win32
		{DE0003F4-BB31-4B4A-A80D-39C1D34DCBC2}.Release|Win32.Build.0 = Release|Win32
		{DE0003F4-BB31-4B4A-A80D-39C1D34DCBC2}.Release|x64.ActiveCfg = Release|x64
		{DE0003F4-BB31-4B4A-A80D-39C1D34DCBC2}.Release|x64.Build.0 = Release|x64
		{0A72BD48-F436-4171-A620-1CC0F616312E}.Debug|Win32.ActiveCfg = Debug|Win32
		{0A72BD48-F436-4171-A620-1CC0F616312E}.Debug|Win32.Build.0 = Debug|Win32
		{0A72BD48-F436-4171-A620-1CC0F616312E}.Debug|x64.ActiveCfg = Debug|x64
		{0A72BD48-F436-4171-A620-1CC0F616312E}.Debug|x64.Build.0 = Debug|x64
		{0A72BD48-F436-4171-A620-1CC0F616312E}.Release|Win32.ActiveCfg = Release|Win32
		{0A72BD48-F436-4171-A620-1CC0F616312E}.Release|Win32.Build.0 = Release|Win32
		{0A72BD48-F436-4171-A620-1CC0F616312E}.Release|x64.ActiveCfg = Release|x64
		{0A72BD48-F436-4171-A620-1CC0F616312E}.Release|x64.Build.0 = Release|x64
		{2BB808F8-D50F-4EFC-939D-67D87EA4A263}.Debug|Win32.ActiveCfg = Debug|Win32
		{2BB808F8-D50F-4EFC-939D-67D87EA4A263}.Debug|Win32.Build.0 = Debug|Win32
		{2BB808F8-D50F-4EFC-939D-67D87EA4A263}.Debug|x64.ActiveCfg = Debug|x64
		{2BB808F8-D50F-4EFC-939D-67D87EA4A263}.Debug|x64.Build.0 = Debug|x64
		{2BB808F8-D50F-4EFC-939D-67D87EA4A263}.Release|Win32.ActiveCfg = Release|Win32
		{2BB808F8-D50F-4EFC-939D-67D87EA4A263}.Release|Win32.Build.0 = Release|Win32
		{2BB808F8-D50F-4EFC-939D-67D87EA4A263}.Release|x64.ActiveCfg = Release|x64
		{2BB808F8-D50F-4EFC-939D-67D87EA4A263}.Release|x64.Build.0 = Release|x64
		{86A47905-2A09-4086-997D-6C4C2BA18DF1}.Debug|Win32.ActiveCfg = Debug|Win32
		{86A47905-2A09-4086-997D-6C4C2BA18DF1}.Debug|Win32.Build.0 = Debug|Win32
		{86A47905-2A09-4086-997D-6C4C2BA18DF1}.Debug|x64.ActiveCfg = Debug|x64
		{86A47905-2A09-4086-997D-6C4C2BA18DF1}.Debug|x64.Build.0 = Debug|x64
		{86A47905-2A09-4086-997D-6C4C2BA18DF1}.Release|Win32.ActiveCfg = Release|Win32
		{86A47905-2A09-4086-997D-6C4C2BA18DF1}.Release|Win32.Build.0 = Release|Win32
		{86A47905-2A09-4086-997D-6C4C2BA18DF1}.Release|x64.ActiveCfg = Release|x64
		{86A47905-2A09-4086-997D-6C4C2BA18DF1}.Release|x64.Build.0 = Release|x64
		{1F4396E7-7ADD-4B29-8AD9-FAA33C8D1393}.Debug|Win32.ActiveCfg = Debug|Win32
		{1F4396E7-7ADD-4B29-8AD9-FAA33C8D1393}.Debug|Win32.Build.0 = Debug|Win32
		{1F4396E7-7ADD-4B29-8AD9-FAA33C8D1393}.Debug|x64.ActiveCfg = Debug|x64
		{1F4396E7-7ADD-4B29-8AD9-FAA33C8D1393}.Debug|x64.Build.0 = Debug|x64
		{1F4396E7-7ADD-4B29-8AD9-FAA33C8D1393}.Release|Win32.ActiveCfg = Release|Win32
		{1F4396E7-7ADD-4B29-8AD9-FAA33C8D1393}.Release|Win32.Build.0 = Release|Win32
		{1F4396E7-7ADD-4B29-8AD9-FAA33C8D1393}.Release|x64.ActiveCfg = Release|x64
		{1F4396E7-7ADD-4B29-8AD9-FAA33C8D1393}.Release|x64.Build.0 = Release|x64
		{48501463-702A-415F-9AD8-272423596748}.Debug|Win32.ActiveCfg = Debug|Win32
		{48501463-702A-415F-9AD8-272423596748}.Debug|Win32.Build.0 = Debug|Win32
		{48501463-702A-415F-9AD8-272423596748}.Debug|x64.ActiveCfg = Debug|x64
		{48501463-702A-415F-9AD8-272423596748}.Debug|x64.Build.0 = Debug|x64
		{48501463-702A-415F-9AD8-272423596748}.Release|Win32.ActiveCfg = Release|Win32
		{48501463-702A-415F-9AD8-272423596748}.Release|Win32.Build.0 = Release|Win32
		{48501463-702A-415F-9AD8-272423596748}.Release|x64.ActiveCfg = Release|x64
		{48501463-702A-415F-9AD8-272423596748}.Release|x64.Build.0 = Release|x64
	EndGlobalSection
	GlobalSection(SolutionProperties) = preSolution
		HideSolutionNode = FALSE
	EndGlobalSection
	GlobalSection(NestedProjects) = preSolution
		{DE0003F4-BB31-4B4A-A80D-39C1D34DCBC2} = {F5F97DD5-D3CB-4A93-B850-E120504C099A}
		{0A72BD48-F436-4171-A620-1CC0F616312E} = {F5F97DD5-D3CB-4A93-B850-E120504C099A}
		{2BB808F8-D50F-4EFC-939D-67D87EA4A263} = {F5F97DD5-D3CB-4A93-B850-E120504C099A}
		{48501463-702A-415F-9AD8-272423596748} = {F5F97DD5-D3CB-4A93-B850-E120504C099A}
		{86A47905-2A09-4086-997D-6C4C2BA18DF1} = {5EEF1F6B-0961-4B97-AB6D-2501347088F2}
		{1F4396E7-7ADD-4B29-8AD9-FAA33C8D1393} = {5EEF1F6B-0961-4B97-AB6D-2501347088F2}
	EndGlobalSection
EndGlobal
