
Microsoft Visual Studio Solution File, Format Version 10.00
# Visual Studio 2008
Project("{8BC9CEB8-8B4A-11D0-8D11-00A0C91BC942}") = "BlockMapEditor", "BlockMapEditor\BlockMapEditor.vcproj", "{EF31E557-D7A1-4365-8A7D-5BBCF9AD33AC}"
EndProject
Global
	GlobalSection(SolutionConfigurationPlatforms) = preSolution
		Debug|Win32 = Debug|Win32
		Debug|x64 = Debug|x64
		Release|Win32 = Release|Win32
		Release|x64 = Release|x64
	EndGlobalSection
	GlobalSection(ProjectConfigurationPlatforms) = postSolution
		{EF31E557-D7A1-4365-8A7D-5BBCF9AD33AC}.Debug|Win32.ActiveCfg = Debug|Win32
		{EF31E557-D7A1-4365-8A7D-5BBCF9AD33AC}.Debug|Win32.Build.0 = Debug|Win32
		{EF31E557-D7A1-4365-8A7D-5BBCF9AD33AC}.Debug|x64.ActiveCfg = Debug|Win32
		{EF31E557-D7A1-4365-8A7D-5BBCF9AD33AC}.Release|Win32.ActiveCfg = Release|Win32
		{EF31E557-D7A1-4365-8A7D-5BBCF9AD33AC}.Release|Win32.Build.0 = Release|Win32
		{EF31E557-D7A1-4365-8A7D-5BBCF9AD33AC}.Release|x64.ActiveCfg = Release|Win32
	EndGlobalSection
	GlobalSection(SolutionProperties) = preSolution
		HideSolutionNode = FALSE
	EndGlobalSection
EndGlobal
