
Microsoft Visual Studio Solution File, Format Version 10.00
# Visual Studio 2008
Project("{8BC9CEB8-8B4A-11D0-8D11-00A0C91BC942}") = "QuadooStudio", "QuadooStudio\QuadooStudio.vcproj", "{CD09641A-6701-4E62-B623-A43C3E8DC3EB}"
	ProjectSection(ProjectDependencies) = postProject
		{48501463-702A-415F-9AD8-272423596748} = {48501463-702A-415F-9AD8-272423596748}
		{19E52A85-2024-4509-84B9-FA9ED234BA6E} = {19E52A85-2024-4509-84B9-FA9ED234BA6E}
		{1A53C986-8D6D-4B6E-B0C6-62C525254096} = {1A53C986-8D6D-4B6E-B0C6-62C525254096}
		{DE0003F4-BB31-4B4A-A80D-39C1D34DCBC2} = {DE0003F4-BB31-4B4A-A80D-39C1D34DCBC2}
	EndProjectSection
EndProject
Project("{2150E333-8FDC-42A3-9474-1A3956D46DE8}") = "Platform", "Platform", "{F1653832-7830-4F94-9B6E-A86693FC79F7}"
EndProject
Project("{8BC9CEB8-8B4A-11D0-8D11-00A0C91BC942}") = "SimbeyCore", "..\..\platform\SimbeyCore\SimbeyCore\SimbeyCore.vcproj", "{DE0003F4-BB31-4B4A-A80D-39C1D34DCBC2}"
EndProject
Project("{2150E333-8FDC-42A3-9474-1A3956D46DE8}") = "Shared", "Shared", "{1D26EA17-D420-4DCD-A3A6-2DE1932868BE}"
EndProject
Project("{8BC9CEB8-8B4A-11D0-8D11-00A0C91BC942}") = "InterfaceJSON", "..\..\shared\JSON\InterfaceJSON\InterfaceJSON.vcproj", "{1F4396E7-7ADD-4B29-8AD9-FAA33C8D1393}"
EndProject
Project("{8BC9CEB8-8B4A-11D0-8D11-00A0C91BC942}") = "JSON", "..\..\platform\JSON\JSON\JSON.vcproj", "{48501463-702A-415F-9AD8-272423596748}"
	ProjectSection(ProjectDependencies) = postProject
		{1F4396E7-7ADD-4B29-8AD9-FAA33C8D1393} = {1F4396E7-7ADD-4B29-8AD9-FAA33C8D1393}
		{DE0003F4-BB31-4B4A-A80D-39C1D34DCBC2} = {DE0003F4-BB31-4B4A-A80D-39C1D34DCBC2}
	EndProjectSection
EndProject
Project("{8BC9CEB8-8B4A-11D0-8D11-00A0C91BC942}") = "QuadooParser", "..\..\platform\QuadooScript\QuadooParser\QuadooParser.vcproj", "{19E52A85-2024-4509-84B9-FA9ED234BA6E}"
	ProjectSection(ProjectDependencies) = postProject
		{48501463-702A-415F-9AD8-272423596748} = {48501463-702A-415F-9AD8-272423596748}
		{DE0003F4-BB31-4B4A-A80D-39C1D34DCBC2} = {DE0003F4-BB31-4B4A-A80D-39C1D34DCBC2}
	EndProjectSection
EndProject
Project("{8BC9CEB8-8B4A-11D0-8D11-00A0C91BC942}") = "CodeEdit", "CodeEdit\CodeEdit.vcproj", "{1A53C986-8D6D-4B6E-B0C6-62C525254096}"
	ProjectSection(ProjectDependencies) = postProject
		{DE0003F4-BB31-4B4A-A80D-39C1D34DCBC2} = {DE0003F4-BB31-4B4A-A80D-39C1D34DCBC2}
	EndProjectSection
EndProject
Global
	GlobalSection(SolutionConfigurationPlatforms) = preSolution
		Debug|Win32 = Debug|Win32
		Debug|x64 = Debug|x64
		Release|Win32 = Release|Win32
		Release|x64 = Release|x64
	EndGlobalSection
	GlobalSection(ProjectConfigurationPlatforms) = postSolution
		{CD09641A-6701-4E62-B623-A43C3E8DC3EB}.Debug|Win32.ActiveCfg = Debug|Win32
		{CD09641A-6701-4E62-B623-A43C3E8DC3EB}.Debug|Win32.Build.0 = Debug|Win32
		{CD09641A-6701-4E62-B623-A43C3E8DC3EB}.Debug|x64.ActiveCfg = Debug|x64
		{CD09641A-6701-4E62-B623-A43C3E8DC3EB}.Debug|x64.Build.0 = Debug|x64
		{CD09641A-6701-4E62-B623-A43C3E8DC3EB}.Release|Win32.ActiveCfg = Release|Win32
		{CD09641A-6701-4E62-B623-A43C3E8DC3EB}.Release|Win32.Build.0 = Release|Win32
		{CD09641A-6701-4E62-B623-A43C3E8DC3EB}.Release|x64.ActiveCfg = Release|x64
		{CD09641A-6701-4E62-B623-A43C3E8DC3EB}.Release|x64.Build.0 = Release|x64
		{DE0003F4-BB31-4B4A-A80D-39C1D34DCBC2}.Debug|Win32.ActiveCfg = Debug|Win32
		{DE0003F4-BB31-4B4A-A80D-39C1D34DCBC2}.Debug|Win32.Build.0 = Debug|Win32
		{DE0003F4-BB31-4B4A-A80D-39C1D34DCBC2}.Debug|x64.ActiveCfg = Debug|x64
		{DE0003F4-BB31-4B4A-A80D-39C1D34DCBC2}.Debug|x64.Build.0 = Debug|x64
		{DE0003F4-BB31-4B4A-A80D-39C1D34DCBC2}.Release|Win32.ActiveCfg = Release|Win32
		{DE0003F4-BB31-4B4A-A80D-39C1D34DCBC2}.Release|Win32.Build.0 = Release|Win32
		{DE0003F4-BB31-4B4A-A80D-39C1D34DCBC2}.Release|x64.ActiveCfg = Release|x64
		{DE0003F4-BB31-4B4A-A80D-39C1D34DCBC2}.Release|x64.Build.0 = Release|x64
		{1F4396E7-7ADD-4B29-8AD9-FAA33C8D1393}.Debug|Win32.ActiveCfg = Debug|Win32
		{1F4396E7-7ADD-4B29-8AD9-FAA33C8D1393}.Debug|Win32.Build.0 = Debug|Win32
		{1F4396E7-7ADD-4B29-8AD9-FAA33C8D1393}.Debug|x64.ActiveCfg = Debug|x64
		{1F4396E7-7ADD-4B29-8AD9-FAA33C8D1393}.Debug|x64.Build.0 = Debug|x64
		{1F4396E7-7ADD-4B29-8AD9-FAA33C8D1393}.Release|Win32.ActiveCfg = Release|Win32
		{1F4396E7-7ADD-4B29-8AD9-FAA33C8D1393}.Release|Win32.Build.0 = Release|Win32
		{1F4396E7-7ADD-4B29-8AD9-FAA33C8D1393}.Release|x64.ActiveCfg = Release|x64
		{1F4396E7-7ADD-4B29-8AD9-FAA33C8D1393}.Release|x64.Build.0 = Release|x64
		{48501463-702A-415F-9AD8-272423596748}.Debug|Win32.ActiveCfg = Debug|Win32
		{48501463-702A-415F-9AD8-272423596748}.Debug|Win32.Build.0 = Debug|Win32
		{48501463-702A-415F-9AD8-272423596748}.Debug|x64.ActiveCfg = Debug|x64
		{48501463-702A-415F-9AD8-272423596748}.Debug|x64.Build.0 = Debug|x64
		{48501463-702A-415F-9AD8-272423596748}.Release|Win32.ActiveCfg = Release|Win32
		{48501463-702A-415F-9AD8-272423596748}.Release|Win32.Build.0 = Release|Win32
		{48501463-702A-415F-9AD8-272423596748}.Release|x64.ActiveCfg = Release|x64
		{48501463-702A-415F-9AD8-272423596748}.Release|x64.Build.0 = Release|x64
		{19E52A85-2024-4509-84B9-FA9ED234BA6E}.Debug|Win32.ActiveCfg = Debug|Win32
		{19E52A85-2024-4509-84B9-FA9ED234BA6E}.Debug|Win32.Build.0 = Debug|Win32
		{19E52A85-2024-4509-84B9-FA9ED234BA6E}.Debug|x64.ActiveCfg = Debug|x64
		{19E52A85-2024-4509-84B9-FA9ED234BA6E}.Debug|x64.Build.0 = Debug|x64
		{19E52A85-2024-4509-84B9-FA9ED234BA6E}.Release|Win32.ActiveCfg = Release|Win32
		{19E52A85-2024-4509-84B9-FA9ED234BA6E}.Release|Win32.Build.0 = Release|Win32
		{19E52A85-2024-4509-84B9-FA9ED234BA6E}.Release|x64.ActiveCfg = Release|x64
		{19E52A85-2024-4509-84B9-FA9ED234BA6E}.Release|x64.Build.0 = Release|x64
		{1A53C986-8D6D-4B6E-B0C6-62C525254096}.Debug|Win32.ActiveCfg = Debug|Win32
		{1A53C986-8D6D-4B6E-B0C6-62C525254096}.Debug|Win32.Build.0 = Debug|Win32
		{1A53C986-8D6D-4B6E-B0C6-62C525254096}.Debug|x64.ActiveCfg = Debug|x64
		{1A53C986-8D6D-4B6E-B0C6-62C525254096}.Debug|x64.Build.0 = Debug|x64
		{1A53C986-8D6D-4B6E-B0C6-62C525254096}.Release|Win32.ActiveCfg = Release|Win32
		{1A53C986-8D6D-4B6E-B0C6-62C525254096}.Release|Win32.Build.0 = Release|Win32
		{1A53C986-8D6D-4B6E-B0C6-62C525254096}.Release|x64.ActiveCfg = Release|x64
		{1A53C986-8D6D-4B6E-B0C6-62C525254096}.Release|x64.Build.0 = Release|x64
	EndGlobalSection
	GlobalSection(SolutionProperties) = preSolution
		HideSolutionNode = FALSE
	EndGlobalSection
	GlobalSection(NestedProjects) = preSolution
		{DE0003F4-BB31-4B4A-A80D-39C1D34DCBC2} = {F1653832-7830-4F94-9B6E-A86693FC79F7}
		{48501463-702A-415F-9AD8-272423596748} = {F1653832-7830-4F94-9B6E-A86693FC79F7}
		{19E52A85-2024-4509-84B9-FA9ED234BA6E} = {F1653832-7830-4F94-9B6E-A86693FC79F7}
		{1F4396E7-7ADD-4B29-8AD9-FAA33C8D1393} = {1D26EA17-D420-4DCD-A3A6-2DE1932868BE}
	EndGlobalSection
EndGlobal
