
Microsoft Visual Studio Solution File, Format Version 10.00
# Visual Studio 2008
Project("{8BC9CEB8-8B4A-11D0-8D11-00A0C91BC942}") = "NeuralCircuits", "NeuralCircuits\NeuralCircuits.vcproj", "{2D554698-B41B-40FB-94E7-33FDCA18308C}"
EndProject
Global
	GlobalSection(SolutionConfigurationPlatforms) = preSolution
		Debug|Win32 = Debug|Win32
		Release|Win32 = Release|Win32
	EndGlobalSection
	GlobalSection(ProjectConfigurationPlatforms) = postSolution
		{2D554698-B41B-40FB-94E7-33FDCA18308C}.Debug|Win32.ActiveCfg = Debug|Win32
		{2D554698-B41B-40FB-94E7-33FDCA18308C}.Debug|Win32.Build.0 = Debug|Win32
		{2D554698-B41B-40FB-94E7-33FDCA18308C}.Release|Win32.ActiveCfg = Release|Win32
		{2D554698-B41B-40FB-94E7-33FDCA18308C}.Release|Win32.Build.0 = Release|Win32
	EndGlobalSection
	GlobalSection(SolutionProperties) = preSolution
		HideSolutionNode = FALSE
	EndGlobalSection
EndGlobal
