
Microsoft Visual Studio Solution File, Format Version 10.00
# Visual Studio 2008
Project("{8BC9CEB8-8B4A-11D0-8D11-00A0C91BC942}") = "SimpleWindow", "SimpleWindow\SimpleWindow.vcproj", "{0D573F10-3D32-4EAB-A670-F35A493971DE}"
EndProject
Project("{8BC9CEB8-8B4A-11D0-8D11-00A0C91BC942}") = "GraphWindow", "GraphWindow\GraphWindow.vcproj", "{EFCB511D-1A5B-4A56-84B7-BC84AA7B739A}"
EndProject
Project("{8BC9CEB8-8B4A-11D0-8D11-00A0C91BC942}") = "CADWindow", "CADWindow\CADWindow.vcproj", "{2ABC80C8-8D94-4826-9AEA-1E40CC6C7451}"
EndProject
Project("{8BC9CEB8-8B4A-11D0-8D11-00A0C91BC942}") = "MDIWindow", "MDIWindow\MDIWindow.vcproj", "{625A3B32-9671-4D3E-A87A-B09681BB7B7B}"
EndProject
Global
	GlobalSection(SolutionConfigurationPlatforms) = preSolution
		Debug|Win32 = Debug|Win32
		Release|Win32 = Release|Win32
	EndGlobalSection
	GlobalSection(ProjectConfigurationPlatforms) = postSolution
		{0D573F10-3D32-4EAB-A670-F35A493971DE}.Debug|Win32.ActiveCfg = Debug|Win32
		{0D573F10-3D32-4EAB-A670-F35A493971DE}.Debug|Win32.Build.0 = Debug|Win32
		{0D573F10-3D32-4EAB-A670-F35A493971DE}.Release|Win32.ActiveCfg = Release|Win32
		{0D573F10-3D32-4EAB-A670-F35A493971DE}.Release|Win32.Build.0 = Release|Win32
		{EFCB511D-1A5B-4A56-84B7-BC84AA7B739A}.Debug|Win32.ActiveCfg = Debug|Win32
		{EFCB511D-1A5B-4A56-84B7-BC84AA7B739A}.Debug|Win32.Build.0 = Debug|Win32
		{EFCB511D-1A5B-4A56-84B7-BC84AA7B739A}.Release|Win32.ActiveCfg = Release|Win32
		{EFCB511D-1A5B-4A56-84B7-BC84AA7B739A}.Release|Win32.Build.0 = Release|Win32
		{2ABC80C8-8D94-4826-9AEA-1E40CC6C7451}.Debug|Win32.ActiveCfg = Debug|Win32
		{2ABC80C8-8D94-4826-9AEA-1E40CC6C7451}.Debug|Win32.Build.0 = Debug|Win32
		{2ABC80C8-8D94-4826-9AEA-1E40CC6C7451}.Release|Win32.ActiveCfg = Release|Win32
		{2ABC80C8-8D94-4826-9AEA-1E40CC6C7451}.Release|Win32.Build.0 = Release|Win32
		{625A3B32-9671-4D3E-A87A-B09681BB7B7B}.Debug|Win32.ActiveCfg = Debug|Win32
		{625A3B32-9671-4D3E-A87A-B09681BB7B7B}.Debug|Win32.Build.0 = Debug|Win32
		{625A3B32-9671-4D3E-A87A-B09681BB7B7B}.Release|Win32.ActiveCfg = Release|Win32
		{625A3B32-9671-4D3E-A87A-B09681BB7B7B}.Release|Win32.Build.0 = Release|Win32
	EndGlobalSection
	GlobalSection(SolutionProperties) = preSolution
		HideSolutionNode = FALSE
	EndGlobalSection
EndGlobal
