
Microsoft Visual Studio Solution File, Format Version 10.00
# Visual Studio 2008
Project("{8BC9CEB8-8B4A-11D0-8D11-00A0C91BC942}") = "XBRZ", "XBRZ\XBRZ.vcproj", "{629CF4AB-0B2A-479E-B9D8-D666467D9D16}"
EndProject
Project("{8BC9CEB8-8B4A-11D0-8D11-00A0C91BC942}") = "UpscaleXBRZ", "UpscaleXBRZ\UpscaleXBRZ.vcproj", "{79626FA6-88EA-4F38-9603-238C031F6B57}"
	ProjectSection(ProjectDependencies) = postProject
		{629CF4AB-0B2A-479E-B9D8-D666467D9D16} = {629CF4AB-0B2A-479E-B9D8-D666467D9D16}
	EndProjectSection
EndProject
Global
	GlobalSection(SolutionConfigurationPlatforms) = preSolution
		Debug|Win32 = Debug|Win32
		Release|Win32 = Release|Win32
	EndGlobalSection
	GlobalSection(ProjectConfigurationPlatforms) = postSolution
		{629CF4AB-0B2A-479E-B9D8-D666467D9D16}.Debug|Win32.ActiveCfg = Debug|Win32
		{629CF4AB-0B2A-479E-B9D8-D666467D9D16}.Debug|Win32.Build.0 = Debug|Win32
		{629CF4AB-0B2A-479E-B9D8-D666467D9D16}.Release|Win32.ActiveCfg = Release|Win32
		{629CF4AB-0B2A-479E-B9D8-D666467D9D16}.Release|Win32.Build.0 = Release|Win32
		{79626FA6-88EA-4F38-9603-238C031F6B57}.Debug|Win32.ActiveCfg = Debug|Win32
		{79626FA6-88EA-4F38-9603-238C031F6B57}.Debug|Win32.Build.0 = Debug|Win32
		{79626FA6-88EA-4F38-9603-238C031F6B57}.Release|Win32.ActiveCfg = Release|Win32
		{79626FA6-88EA-4F38-9603-238C031F6B57}.Release|Win32.Build.0 = Release|Win32
	EndGlobalSection
	GlobalSection(SolutionProperties) = preSolution
		HideSolutionNode = FALSE
	EndGlobalSection
EndGlobal
